
Microsoft Visual Studio Solution File, Format Version 12.00
# Visual Studio Version 16
VisualStudioVersion = 16.0.32126.315
MinimumVisualStudioVersion = 10.0.40219.1
Project("{FAE04EC0-301F-11D3-BF4B-00C04F79EFBC}") = "Domain", "Domain\Domain.csproj", "{22AF4F8E-8D45-456B-8041-9AFD58DF0F14}"
EndProject
Project("{FAE04EC0-301F-11D3-BF4B-00C04F79EFBC}") = "Data", "Data\Data.csproj", "{F74AEE2C-1D12-406B-83C8-E828C1A1EBBE}"
EndProject
Project("{FAE04EC0-301F-11D3-BF4B-00C04F79EFBC}") = "Application", "Application\Application.csproj", "{EC9C611A-50FE-4A8E-8C83-F5B1CE41A2B4}"
EndProject
Global
	GlobalSection(SolutionConfigurationPlatforms) = preSolution
		Debug|Any CPU = Debug|Any CPU
		Release|Any CPU = Release|Any CPU
	EndGlobalSection
	GlobalSection(ProjectConfigurationPlatforms) = postSolution
		{22AF4F8E-8D45-456B-8041-9AFD58DF0F14}.Debug|Any CPU.ActiveCfg = Debug|Any CPU
		{22AF4F8E-8D45-456B-8041-9AFD58DF0F14}.Debug|Any CPU.Build.0 = Debug|Any CPU
		{22AF4F8E-8D45-456B-8041-9AFD58DF0F14}.Release|Any CPU.ActiveCfg = Release|Any CPU
		{22AF4F8E-8D45-456B-8041-9AFD58DF0F14}.Release|Any CPU.Build.0 = Release|Any CPU
		{F74AEE2C-1D12-406B-83C8-E828C1A1EBBE}.Debug|Any CPU.ActiveCfg = Debug|Any CPU
		{F74AEE2C-1D12-406B-83C8-E828C1A1EBBE}.Debug|Any CPU.Build.0 = Debug|Any CPU
		{F74AEE2C-1D12-406B-83C8-E828C1A1EBBE}.Release|Any CPU.ActiveCfg = Release|Any CPU
		{F74AEE2C-1D12-406B-83C8-E828C1A1EBBE}.Release|Any CPU.Build.0 = Release|Any CPU
		{EC9C611A-50FE-4A8E-8C83-F5B1CE41A2B4}.Debug|Any CPU.ActiveCfg = Debug|Any CPU
		{EC9C611A-50FE-4A8E-8C83-F5B1CE41A2B4}.Debug|Any CPU.Build.0 = Debug|Any CPU
		{EC9C611A-50FE-4A8E-8C83-F5B1CE41A2B4}.Release|Any CPU.ActiveCfg = Release|Any CPU
		{EC9C611A-50FE-4A8E-8C83-F5B1CE41A2B4}.Release|Any CPU.Build.0 = Release|Any CPU
	EndGlobalSection
	GlobalSection(SolutionProperties) = preSolution
		HideSolutionNode = FALSE
	EndGlobalSection
	GlobalSection(ExtensibilityGlobals) = postSolution
		SolutionGuid = {FFA0BE2A-6B2D-458F-9CE3-664A8AFCFDC9}
	EndGlobalSection
EndGlobal
